
Microsoft Visual Studio Solution File, Format Version 12.00
# Visual Studio 15
VisualStudioVersion = 15.0.28307.421
MinimumVisualStudioVersion = 10.0.40219.1
Project("{FAE04EC0-301F-11D3-BF4B-00C04F79EFBC}") = "MyEvernote.WebApp", "MyEvernote.WebApp\MyEvernote.WebApp.csproj", "{E9A25981-0C2B-4DB5-8670-E6659F4440E3}"
EndProject
Project("{FAE04EC0-301F-11D3-BF4B-00C04F79EFBC}") = "MyEvernote.BusinessLayer", "MyEvernote.BusinessLayer\MyEvernote.BusinessLayer.csproj", "{1F2EB893-2F6F-4D8A-A407-A2694AB7BFC3}"
EndProject
Project("{FAE04EC0-301F-11D3-BF4B-00C04F79EFBC}") = "MyEvernote.DataAccessLayer", "MyEvernote.DataAccessLayer\MyEvernote.DataAccessLayer.csproj", "{D4C9A7D9-BC27-45D3-91CF-353899B7C4B3}"
EndProject
Project("{FAE04EC0-301F-11D3-BF4B-00C04F79EFBC}") = "MyEvernote.Entities", "MyEvernote.Entities\MyEvernote.Entities.csproj", "{BCFACC5F-D1CC-4DE8-9FAF-532DBAEB7259}"
EndProject
Global
	GlobalSection(SolutionConfigurationPlatforms) = preSolution
		Debug|Any CPU = Debug|Any CPU
		Debug|ARM = Debug|ARM
		Debug|ARM64 = Debug|ARM64
		Debug|x64 = Debug|x64
		Debug|x86 = Debug|x86
		Release|Any CPU = Release|Any CPU
		Release|ARM = Release|ARM
		Release|ARM64 = Release|ARM64
		Release|x64 = Release|x64
		Release|x86 = Release|x86
	EndGlobalSection
	GlobalSection(ProjectConfigurationPlatforms) = postSolution
		{E9A25981-0C2B-4DB5-8670-E6659F4440E3}.Debug|Any CPU.ActiveCfg = Debug|Any CPU
		{E9A25981-0C2B-4DB5-8670-E6659F4440E3}.Debug|Any CPU.Build.0 = Debug|Any CPU
		{E9A25981-0C2B-4DB5-8670-E6659F4440E3}.Debug|ARM.ActiveCfg = Debug|Any CPU
		{E9A25981-0C2B-4DB5-8670-E6659F4440E3}.Debug|ARM.Build.0 = Debug|Any CPU
		{E9A25981-0C2B-4DB5-8670-E6659F4440E3}.Debug|ARM64.ActiveCfg = Debug|Any CPU
		{E9A25981-0C2B-4DB5-8670-E6659F4440E3}.Debug|ARM64.Build.0 = Debug|Any CPU
		{E9A25981-0C2B-4DB5-8670-E6659F4440E3}.Debug|x64.ActiveCfg = Debug|Any CPU
		{E9A25981-0C2B-4DB5-8670-E6659F4440E3}.Debug|x64.Build.0 = Debug|Any CPU
		{E9A25981-0C2B-4DB5-8670-E6659F4440E3}.Debug|x86.ActiveCfg = Debug|Any CPU
		{E9A25981-0C2B-4DB5-8670-E6659F4440E3}.Debug|x86.Build.0 = Debug|Any CPU
		{E9A25981-0C2B-4DB5-8670-E6659F4440E3}.Release|Any CPU.ActiveCfg = Release|Any CPU
		{E9A25981-0C2B-4DB5-8670-E6659F4440E3}.Release|Any CPU.Build.0 = Release|Any CPU
		{E9A25981-0C2B-4DB5-8670-E6659F4440E3}.Release|ARM.ActiveCfg = Release|Any CPU
		{E9A25981-0C2B-4DB5-8670-E6659F4440E3}.Release|ARM.Build.0 = Release|Any CPU
		{E9A25981-0C2B-4DB5-8670-E6659F4440E3}.Release|ARM64.ActiveCfg = Release|Any CPU
		{E9A25981-0C2B-4DB5-8670-E6659F4440E3}.Release|ARM64.Build.0 = Release|Any CPU
		{E9A25981-0C2B-4DB5-8670-E6659F4440E3}.Release|x64.ActiveCfg = Release|Any CPU
		{E9A25981-0C2B-4DB5-8670-E6659F4440E3}.Release|x64.Build.0 = Release|Any CPU
		{E9A25981-0C2B-4DB5-8670-E6659F4440E3}.Release|x86.ActiveCfg = Release|Any CPU
		{E9A25981-0C2B-4DB5-8670-E6659F4440E3}.Release|x86.Build.0 = Release|Any CPU
		{1F2EB893-2F6F-4D8A-A407-A2694AB7BFC3}.Debug|Any CPU.ActiveCfg = Debug|Any CPU
		{1F2EB893-2F6F-4D8A-A407-A2694AB7BFC3}.Debug|Any CPU.Build.0 = Debug|Any CPU
		{1F2EB893-2F6F-4D8A-A407-A2694AB7BFC3}.Debug|ARM.ActiveCfg = Debug|ARM
		{1F2EB893-2F6F-4D8A-A407-A2694AB7BFC3}.Debug|ARM.Build.0 = Debug|ARM
		{1F2EB893-2F6F-4D8A-A407-A2694AB7BFC3}.Debug|ARM64.ActiveCfg = Debug|ARM64
		{1F2EB893-2F6F-4D8A-A407-A2694AB7BFC3}.Debug|ARM64.Build.0 = Debug|ARM64
		{1F2EB893-2F6F-4D8A-A407-A2694AB7BFC3}.Debug|x64.ActiveCfg = Debug|x64
		{1F2EB893-2F6F-4D8A-A407-A2694AB7BFC3}.Debug|x64.Build.0 = Debug|x64
		{1F2EB893-2F6F-4D8A-A407-A2694AB7BFC3}.Debug|x86.ActiveCfg = Debug|x86
		{1F2EB893-2F6F-4D8A-A407-A2694AB7BFC3}.Debug|x86.Build.0 = Debug|x86
		{1F2EB893-2F6F-4D8A-A407-A2694AB7BFC3}.Release|Any CPU.ActiveCfg = Release|Any CPU
		{1F2EB893-2F6F-4D8A-A407-A2694AB7BFC3}.Release|Any CPU.Build.0 = Release|Any CPU
		{1F2EB893-2F6F-4D8A-A407-A2694AB7BFC3}.Release|ARM.ActiveCfg = Release|ARM
		{1F2EB893-2F6F-4D8A-A407-A2694AB7BFC3}.Release|ARM.Build.0 = Release|ARM
		{1F2EB893-2F6F-4D8A-A407-A2694AB7BFC3}.Release|ARM64.ActiveCfg = Release|ARM64
		{1F2EB893-2F6F-4D8A-A407-A2694AB7BFC3}.Release|ARM64.Build.0 = Release|ARM64
		{1F2EB893-2F6F-4D8A-A407-A2694AB7BFC3}.Release|x64.ActiveCfg = Release|x64
		{1F2EB893-2F6F-4D8A-A407-A2694AB7BFC3}.Release|x64.Build.0 = Release|x64
		{1F2EB893-2F6F-4D8A-A407-A2694AB7BFC3}.Release|x86.ActiveCfg = Release|x86
		{1F2EB893-2F6F-4D8A-A407-A2694AB7BFC3}.Release|x86.Build.0 = Release|x86
		{D4C9A7D9-BC27-45D3-91CF-353899B7C4B3}.Debug|Any CPU.ActiveCfg = Debug|Any CPU
		{D4C9A7D9-BC27-45D3-91CF-353899B7C4B3}.Debug|Any CPU.Build.0 = Debug|Any CPU
		{D4C9A7D9-BC27-45D3-91CF-353899B7C4B3}.Debug|ARM.ActiveCfg = Debug|ARM
		{D4C9A7D9-BC27-45D3-91CF-353899B7C4B3}.Debug|ARM.Build.0 = Debug|ARM
		{D4C9A7D9-BC27-45D3-91CF-353899B7C4B3}.Debug|ARM64.ActiveCfg = Debug|ARM64
		{D4C9A7D9-BC27-45D3-91CF-353899B7C4B3}.Debug|ARM64.Build.0 = Debug|ARM64
		{D4C9A7D9-BC27-45D3-91CF-353899B7C4B3}.Debug|x64.ActiveCfg = Debug|x64
		{D4C9A7D9-BC27-45D3-91CF-353899B7C4B3}.Debug|x64.Build.0 = Debug|x64
		{D4C9A7D9-BC27-45D3-91CF-353899B7C4B3}.Debug|x86.ActiveCfg = Debug|x86
		{D4C9A7D9-BC27-45D3-91CF-353899B7C4B3}.Debug|x86.Build.0 = Debug|x86
		{D4C9A7D9-BC27-45D3-91CF-353899B7C4B3}.Release|Any CPU.ActiveCfg = Release|Any CPU
		{D4C9A7D9-BC27-45D3-91CF-353899B7C4B3}.Release|Any CPU.Build.0 = Release|Any CPU
		{D4C9A7D9-BC27-45D3-91CF-353899B7C4B3}.Release|ARM.ActiveCfg = Release|ARM
		{D4C9A7D9-BC27-45D3-91CF-353899B7C4B3}.Release|ARM.Build.0 = Release|ARM
		{D4C9A7D9-BC27-45D3-91CF-353899B7C4B3}.Release|ARM64.ActiveCfg = Release|ARM64
		{D4C9A7D9-BC27-45D3-91CF-353899B7C4B3}.Release|ARM64.Build.0 = Release|ARM64
		{D4C9A7D9-BC27-45D3-91CF-353899B7C4B3}.Release|x64.ActiveCfg = Release|x64
		{D4C9A7D9-BC27-45D3-91CF-353899B7C4B3}.Release|x64.Build.0 = Release|x64
		{D4C9A7D9-BC27-45D3-91CF-353899B7C4B3}.Release|x86.ActiveCfg = Release|x86
		{D4C9A7D9-BC27-45D3-91CF-353899B7C4B3}.Release|x86.Build.0 = Release|x86
		{BCFACC5F-D1CC-4DE8-9FAF-532DBAEB7259}.Debug|Any CPU.ActiveCfg = Debug|Any CPU
		{BCFACC5F-D1CC-4DE8-9FAF-532DBAEB7259}.Debug|Any CPU.Build.0 = Debug|Any CPU
		{BCFACC5F-D1CC-4DE8-9FAF-532DBAEB7259}.Debug|ARM.ActiveCfg = Debug|ARM
		{BCFACC5F-D1CC-4DE8-9FAF-532DBAEB7259}.Debug|ARM.Build.0 = Debug|ARM
		{BCFACC5F-D1CC-4DE8-9FAF-532DBAEB7259}.Debug|ARM64.ActiveCfg = Debug|ARM64
		{BCFACC5F-D1CC-4DE8-9FAF-532DBAEB7259}.Debug|ARM64.Build.0 = Debug|ARM64
		{BCFACC5F-D1CC-4DE8-9FAF-532DBAEB7259}.Debug|x64.ActiveCfg = Debug|x64
		{BCFACC5F-D1CC-4DE8-9FAF-532DBAEB7259}.Debug|x64.Build.0 = Debug|x64
		{BCFACC5F-D1CC-4DE8-9FAF-532DBAEB7259}.Debug|x86.ActiveCfg = Debug|x86
		{BCFACC5F-D1CC-4DE8-9FAF-532DBAEB7259}.Debug|x86.Build.0 = Debug|x86
		{BCFACC5F-D1CC-4DE8-9FAF-532DBAEB7259}.Release|Any CPU.ActiveCfg = Release|Any CPU
		{BCFACC5F-D1CC-4DE8-9FAF-532DBAEB7259}.Release|Any CPU.Build.0 = Release|Any CPU
		{BCFACC5F-D1CC-4DE8-9FAF-532DBAEB7259}.Release|ARM.ActiveCfg = Release|ARM
		{BCFACC5F-D1CC-4DE8-9FAF-532DBAEB7259}.Release|ARM.Build.0 = Release|ARM
		{BCFACC5F-D1CC-4DE8-9FAF-532DBAEB7259}.Release|ARM64.ActiveCfg = Release|ARM64
		{BCFACC5F-D1CC-4DE8-9FAF-532DBAEB7259}.Release|ARM64.Build.0 = Release|ARM64
		{BCFACC5F-D1CC-4DE8-9FAF-532DBAEB7259}.Release|x64.ActiveCfg = Release|x64
		{BCFACC5F-D1CC-4DE8-9FAF-532DBAEB7259}.Release|x64.Build.0 = Release|x64
		{BCFACC5F-D1CC-4DE8-9FAF-532DBAEB7259}.Release|x86.ActiveCfg = Release|x86
		{BCFACC5F-D1CC-4DE8-9FAF-532DBAEB7259}.Release|x86.Build.0 = Release|x86
	EndGlobalSection
	GlobalSection(SolutionProperties) = preSolution
		HideSolutionNode = FALSE
	EndGlobalSection
	GlobalSection(ExtensibilityGlobals) = postSolution
		SolutionGuid = {B69B72DF-9148-4AB2-B24D-49B71201870A}
	EndGlobalSection
EndGlobal
