
Microsoft Visual Studio Solution File, Format Version 12.00
# Visual Studio 15
VisualStudioVersion = 15.0.28307.421
MinimumVisualStudioVersion = 10.0.40219.1
Project("{FAE04EC0-301F-11D3-BF4B-00C04F79EFBC}") = "MyEvernote.WebApp", "MyEvernote.WebApp\MyEvernote.WebApp.csproj", "{E9A25981-0C2B-4DB5-8670-E6659F4440E3}"
EndProject
Project("{FAE04EC0-301F-11D3-BF4B-00C04F79EFBC}") = "MyEvernote.DataAccessLayer", "MyEvernote.DataAccessLayer\MyEvernote.DataAccessLayer.csproj", "{DE6A62C4-9D37-45E7-8FA9-AFE77E538CF3}"
EndProject
Project("{FAE04EC0-301F-11D3-BF4B-00C04F79EFBC}") = "MyEvernote.Entities", "MyEvernote.Entities\MyEvernote.Entities.csproj", "{6731DFB0-B0A3-4C28-95BC-5F26404DBC7F}"
EndProject
Project("{FAE04EC0-301F-11D3-BF4B-00C04F79EFBC}") = "MyEvernote.BusinessLayer", "MyEvernote.BusinessLayer\MyEvernote.BusinessLayer.csproj", "{6D020E6C-09D5-4981-B795-E29A427151D0}"
EndProject
Global
	GlobalSection(SolutionConfigurationPlatforms) = preSolution
		Debug|Any CPU = Debug|Any CPU
		Debug|ARM = Debug|ARM
		Debug|ARM64 = Debug|ARM64
		Debug|x64 = Debug|x64
		Debug|x86 = Debug|x86
		Release|Any CPU = Release|Any CPU
		Release|ARM = Release|ARM
		Release|ARM64 = Release|ARM64
		Release|x64 = Release|x64
		Release|x86 = Release|x86
	EndGlobalSection
	GlobalSection(ProjectConfigurationPlatforms) = postSolution
		{E9A25981-0C2B-4DB5-8670-E6659F4440E3}.Debug|Any CPU.ActiveCfg = Debug|Any CPU
		{E9A25981-0C2B-4DB5-8670-E6659F4440E3}.Debug|Any CPU.Build.0 = Debug|Any CPU
		{E9A25981-0C2B-4DB5-8670-E6659F4440E3}.Debug|ARM.ActiveCfg = Debug|Any CPU
		{E9A25981-0C2B-4DB5-8670-E6659F4440E3}.Debug|ARM.Build.0 = Debug|Any CPU
		{E9A25981-0C2B-4DB5-8670-E6659F4440E3}.Debug|ARM64.ActiveCfg = Debug|Any CPU
		{E9A25981-0C2B-4DB5-8670-E6659F4440E3}.Debug|ARM64.Build.0 = Debug|Any CPU
		{E9A25981-0C2B-4DB5-8670-E6659F4440E3}.Debug|x64.ActiveCfg = Debug|Any CPU
		{E9A25981-0C2B-4DB5-8670-E6659F4440E3}.Debug|x64.Build.0 = Debug|Any CPU
		{E9A25981-0C2B-4DB5-8670-E6659F4440E3}.Debug|x86.ActiveCfg = Debug|Any CPU
		{E9A25981-0C2B-4DB5-8670-E6659F4440E3}.Debug|x86.Build.0 = Debug|Any CPU
		{E9A25981-0C2B-4DB5-8670-E6659F4440E3}.Release|Any CPU.ActiveCfg = Release|Any CPU
		{E9A25981-0C2B-4DB5-8670-E6659F4440E3}.Release|Any CPU.Build.0 = Release|Any CPU
		{E9A25981-0C2B-4DB5-8670-E6659F4440E3}.Release|ARM.ActiveCfg = Release|Any CPU
		{E9A25981-0C2B-4DB5-8670-E6659F4440E3}.Release|ARM.Build.0 = Release|Any CPU
		{E9A25981-0C2B-4DB5-8670-E6659F4440E3}.Release|ARM64.ActiveCfg = Release|Any CPU
		{E9A25981-0C2B-4DB5-8670-E6659F4440E3}.Release|ARM64.Build.0 = Release|Any CPU
		{E9A25981-0C2B-4DB5-8670-E6659F4440E3}.Release|x64.ActiveCfg = Release|Any CPU
		{E9A25981-0C2B-4DB5-8670-E6659F4440E3}.Release|x64.Build.0 = Release|Any CPU
		{E9A25981-0C2B-4DB5-8670-E6659F4440E3}.Release|x86.ActiveCfg = Release|Any CPU
		{E9A25981-0C2B-4DB5-8670-E6659F4440E3}.Release|x86.Build.0 = Release|Any CPU
		{DE6A62C4-9D37-45E7-8FA9-AFE77E538CF3}.Debug|Any CPU.ActiveCfg = Debug|Any CPU
		{DE6A62C4-9D37-45E7-8FA9-AFE77E538CF3}.Debug|Any CPU.Build.0 = Debug|Any CPU
		{DE6A62C4-9D37-45E7-8FA9-AFE77E538CF3}.Debug|ARM.ActiveCfg = Debug|Any CPU
		{DE6A62C4-9D37-45E7-8FA9-AFE77E538CF3}.Debug|ARM.Build.0 = Debug|Any CPU
		{DE6A62C4-9D37-45E7-8FA9-AFE77E538CF3}.Debug|ARM64.ActiveCfg = Debug|Any CPU
		{DE6A62C4-9D37-45E7-8FA9-AFE77E538CF3}.Debug|ARM64.Build.0 = Debug|Any CPU
		{DE6A62C4-9D37-45E7-8FA9-AFE77E538CF3}.Debug|x64.ActiveCfg = Debug|Any CPU
		{DE6A62C4-9D37-45E7-8FA9-AFE77E538CF3}.Debug|x64.Build.0 = Debug|Any CPU
		{DE6A62C4-9D37-45E7-8FA9-AFE77E538CF3}.Debug|x86.ActiveCfg = Debug|Any CPU
		{DE6A62C4-9D37-45E7-8FA9-AFE77E538CF3}.Debug|x86.Build.0 = Debug|Any CPU
		{DE6A62C4-9D37-45E7-8FA9-AFE77E538CF3}.Release|Any CPU.ActiveCfg = Release|Any CPU
		{DE6A62C4-9D37-45E7-8FA9-AFE77E538CF3}.Release|Any CPU.Build.0 = Release|Any CPU
		{DE6A62C4-9D37-45E7-8FA9-AFE77E538CF3}.Release|ARM.ActiveCfg = Release|Any CPU
		{DE6A62C4-9D37-45E7-8FA9-AFE77E538CF3}.Release|ARM.Build.0 = Release|Any CPU
		{DE6A62C4-9D37-45E7-8FA9-AFE77E538CF3}.Release|ARM64.ActiveCfg = Release|Any CPU
		{DE6A62C4-9D37-45E7-8FA9-AFE77E538CF3}.Release|ARM64.Build.0 = Release|Any CPU
		{DE6A62C4-9D37-45E7-8FA9-AFE77E538CF3}.Release|x64.ActiveCfg = Release|Any CPU
		{DE6A62C4-9D37-45E7-8FA9-AFE77E538CF3}.Release|x64.Build.0 = Release|Any CPU
		{DE6A62C4-9D37-45E7-8FA9-AFE77E538CF3}.Release|x86.ActiveCfg = Release|Any CPU
		{DE6A62C4-9D37-45E7-8FA9-AFE77E538CF3}.Release|x86.Build.0 = Release|Any CPU
		{6731DFB0-B0A3-4C28-95BC-5F26404DBC7F}.Debug|Any CPU.ActiveCfg = Debug|Any CPU
		{6731DFB0-B0A3-4C28-95BC-5F26404DBC7F}.Debug|Any CPU.Build.0 = Debug|Any CPU
		{6731DFB0-B0A3-4C28-95BC-5F26404DBC7F}.Debug|ARM.ActiveCfg = Debug|Any CPU
		{6731DFB0-B0A3-4C28-95BC-5F26404DBC7F}.Debug|ARM.Build.0 = Debug|Any CPU
		{6731DFB0-B0A3-4C28-95BC-5F26404DBC7F}.Debug|ARM64.ActiveCfg = Debug|Any CPU
		{6731DFB0-B0A3-4C28-95BC-5F26404DBC7F}.Debug|ARM64.Build.0 = Debug|Any CPU
		{6731DFB0-B0A3-4C28-95BC-5F26404DBC7F}.Debug|x64.ActiveCfg = Debug|Any CPU
		{6731DFB0-B0A3-4C28-95BC-5F26404DBC7F}.Debug|x64.Build.0 = Debug|Any CPU
		{6731DFB0-B0A3-4C28-95BC-5F26404DBC7F}.Debug|x86.ActiveCfg = Debug|Any CPU
		{6731DFB0-B0A3-4C28-95BC-5F26404DBC7F}.Debug|x86.Build.0 = Debug|Any CPU
		{6731DFB0-B0A3-4C28-95BC-5F26404DBC7F}.Release|Any CPU.ActiveCfg = Release|Any CPU
		{6731DFB0-B0A3-4C28-95BC-5F26404DBC7F}.Release|Any CPU.Build.0 = Release|Any CPU
		{6731DFB0-B0A3-4C28-95BC-5F26404DBC7F}.Release|ARM.ActiveCfg = Release|Any CPU
		{6731DFB0-B0A3-4C28-95BC-5F26404DBC7F}.Release|ARM.Build.0 = Release|Any CPU
		{6731DFB0-B0A3-4C28-95BC-5F26404DBC7F}.Release|ARM64.ActiveCfg = Release|Any CPU
		{6731DFB0-B0A3-4C28-95BC-5F26404DBC7F}.Release|ARM64.Build.0 = Release|Any CPU
		{6731DFB0-B0A3-4C28-95BC-5F26404DBC7F}.Release|x64.ActiveCfg = Release|Any CPU
		{6731DFB0-B0A3-4C28-95BC-5F26404DBC7F}.Release|x64.Build.0 = Release|Any CPU
		{6731DFB0-B0A3-4C28-95BC-5F26404DBC7F}.Release|x86.ActiveCfg = Release|Any CPU
		{6731DFB0-B0A3-4C28-95BC-5F26404DBC7F}.Release|x86.Build.0 = Release|Any CPU
		{6D020E6C-09D5-4981-B795-E29A427151D0}.Debug|Any CPU.ActiveCfg = Debug|Any CPU
		{6D020E6C-09D5-4981-B795-E29A427151D0}.Debug|Any CPU.Build.0 = Debug|Any CPU
		{6D020E6C-09D5-4981-B795-E29A427151D0}.Debug|ARM.ActiveCfg = Debug|Any CPU
		{6D020E6C-09D5-4981-B795-E29A427151D0}.Debug|ARM.Build.0 = Debug|Any CPU
		{6D020E6C-09D5-4981-B795-E29A427151D0}.Debug|ARM64.ActiveCfg = Debug|Any CPU
		{6D020E6C-09D5-4981-B795-E29A427151D0}.Debug|ARM64.Build.0 = Debug|Any CPU
		{6D020E6C-09D5-4981-B795-E29A427151D0}.Debug|x64.ActiveCfg = Debug|Any CPU
		{6D020E6C-09D5-4981-B795-E29A427151D0}.Debug|x64.Build.0 = Debug|Any CPU
		{6D020E6C-09D5-4981-B795-E29A427151D0}.Debug|x86.ActiveCfg = Debug|Any CPU
		{6D020E6C-09D5-4981-B795-E29A427151D0}.Debug|x86.Build.0 = Debug|Any CPU
		{6D020E6C-09D5-4981-B795-E29A427151D0}.Release|Any CPU.ActiveCfg = Release|Any CPU
		{6D020E6C-09D5-4981-B795-E29A427151D0}.Release|Any CPU.Build.0 = Release|Any CPU
		{6D020E6C-09D5-4981-B795-E29A427151D0}.Release|ARM.ActiveCfg = Release|Any CPU
		{6D020E6C-09D5-4981-B795-E29A427151D0}.Release|ARM.Build.0 = Release|Any CPU
		{6D020E6C-09D5-4981-B795-E29A427151D0}.Release|ARM64.ActiveCfg = Release|Any CPU
		{6D020E6C-09D5-4981-B795-E29A427151D0}.Release|ARM64.Build.0 = Release|Any CPU
		{6D020E6C-09D5-4981-B795-E29A427151D0}.Release|x64.ActiveCfg = Release|Any CPU
		{6D020E6C-09D5-4981-B795-E29A427151D0}.Release|x64.Build.0 = Release|Any CPU
		{6D020E6C-09D5-4981-B795-E29A427151D0}.Release|x86.ActiveCfg = Release|Any CPU
		{6D020E6C-09D5-4981-B795-E29A427151D0}.Release|x86.Build.0 = Release|Any CPU
	EndGlobalSection
	GlobalSection(SolutionProperties) = preSolution
		HideSolutionNode = FALSE
	EndGlobalSection
	GlobalSection(ExtensibilityGlobals) = postSolution
		SolutionGuid = {B69B72DF-9148-4AB2-B24D-49B71201870A}
	EndGlobalSection
EndGlobal
